Microsoft Visual Studio Solution File, Format Version 12.00
# Visual Studio Version 17
VisualStudioVersion = 17.5.2.0
MinimumVisualStudioVersion = 10.0.40219.1
Project("{FAE04EC0-301F-11D3-BF4B-00C04F79EFBC}") = "APFSFormatter", "APFSFormatter\APFSFormatter.csproj", "{99D8EDC8-B3CF-769F-C0ED-A4C367C8D033}"
EndProject
Project("{FAE04EC0-301F-11D3-BF4B-00C04F79EFBC}") = "APFSFormatter.Tests", "APFSFormatter.Tests\APFSFormatter.Tests.csproj", "{210E271B-4D94-40F0-8606-C8D4F1717EA8}"
EndProject
Global
	GlobalSection(SolutionConfigurationPlatforms) = preSolution
		Debug|Any CPU = Debug|Any CPU
		Release|Any CPU = Release|Any CPU
	EndGlobalSection
	GlobalSection(ProjectConfigurationPlatforms) = postSolution
		{99D8EDC8-B3CF-769F-C0ED-A4C367C8D033}.Debug|Any CPU.ActiveCfg = Debug|Any CPU
		{99D8EDC8-B3CF-769F-C0ED-A4C367C8D033}.Debug|Any CPU.Build.0 = Debug|Any CPU
		{99D8EDC8-B3CF-769F-C0ED-A4C367C8D033}.Release|Any CPU.ActiveCfg = Release|Any CPU
		{99D8EDC8-B3CF-769F-C0ED-A4C367C8D033}.Release|Any CPU.Build.0 = Release|Any CPU
		{210E271B-4D94-40F0-8606-C8D4F1717EA8}.Debug|Any CPU.ActiveCfg = Debug|Any CPU
		{210E271B-4D94-40F0-8606-C8D4F1717EA8}.Debug|Any CPU.Build.0 = Debug|Any CPU
		{210E271B-4D94-40F0-8606-C8D4F1717EA8}.Release|Any CPU.ActiveCfg = Release|Any CPU
		{210E271B-4D94-40F0-8606-C8D4F1717EA8}.Release|Any CPU.Build.0 = Release|Any CPU
	EndGlobalSection
	GlobalSection(SolutionProperties) = preSolution
		HideSolutionNode = FALSE
	EndGlobalSection
	GlobalSection(ExtensibilityGlobals) = postSolution
		SolutionGuid = {798B6F84-49C3-476C-9099-2FE9F39512D3}
	EndGlobalSection
EndGlobal
